
Microsoft Visual Studio Solution File, Format Version 12.00
# Visual Studio Version 17
VisualStudioVersion = 17.3.32804.467
MinimumVisualStudioVersion = 10.0.40219.1
Project("{FAE04EC0-301F-11D3-BF4B-00C04F79EFBC}") = "PizzaOrderingMvc", "PizzaOrderingMvc\PizzaOrderingMvc.csproj", "{4741A1B4-EB61-42AF-9A3A-6E2A1DAE2FC8}"
EndProject
Global
	GlobalSection(SolutionConfigurationPlatforms) = preSolution
		Debug|Any CPU = Debug|Any CPU
		Release|Any CPU = Release|Any CPU
	EndGlobalSection
	GlobalSection(ProjectConfigurationPlatforms) = postSolution
		{4741A1B4-EB61-42AF-9A3A-6E2A1DAE2FC8}.Debug|Any CPU.ActiveCfg = Debug|Any CPU
		{4741A1B4-EB61-42AF-9A3A-6E2A1DAE2FC8}.Debug|Any CPU.Build.0 = Debug|Any CPU
		{4741A1B4-EB61-42AF-9A3A-6E2A1DAE2FC8}.Release|Any CPU.ActiveCfg = Release|Any CPU
		{4741A1B4-EB61-42AF-9A3A-6E2A1DAE2FC8}.Release|Any CPU.Build.0 = Release|Any CPU
	EndGlobalSection
	GlobalSection(SolutionProperties) = preSolution
		HideSolutionNode = FALSE
	EndGlobalSection
	GlobalSection(ExtensibilityGlobals) = postSolution
		SolutionGuid = {A5E535F0-4327-423A-A07C-CA23F2208C74}
	EndGlobalSection
EndGlobal
